// !$*UTF8*$!
{
	archiveVersion = 1;
	classes = {
	};
	objectVersion = 55;
	objects = {

/* Begin PBXBuildFile section */
		F8814A0D28A4071400E8F25D /* MyNetworkScreen.swift in Sources */ = {isa = PBXBuildFile; fileRef = F8814A0C28A4071400E8F25D /* MyNetworkScreen.swift */; };
		F8814A0F28A40C1D00E8F25D /* PostCardView.swift in Sources */ = {isa = PBXBuildFile; fileRef = F8814A0E28A40C1D00E8F25D /* PostCardView.swift */; };
		F8814A1128A417E200E8F25D /* ProfileAndPostView.swift in Sources */ = {isa = PBXBuildFile; fileRef = F8814A1028A417E200E8F25D /* ProfileAndPostView.swift */; };
		F8814A1328A41B3200E8F25D /* PostView.swift in Sources */ = {isa = PBXBuildFile; fileRef = F8814A1228A41B3200E8F25D /* PostView.swift */; };
		F8814A1528A41D9800E8F25D /* HomeScreen.swift in Sources */ = {isa = PBXBuildFile; fileRef = F8814A1428A41D9800E8F25D /* HomeScreen.swift */; };
		F8814A1728A41F6100E8F25D /* TabView.swift in Sources */ = {isa = PBXBuildFile; fileRef = F8814A1628A41F6100E8F25D /* TabView.swift */; };
		F884033A28A101AF00D6B629 /* SearchBar.swift in Sources */ = {isa = PBXBuildFile; fileRef = F884033928A101AF00D6B629 /* SearchBar.swift */; };
		F88B071128A11AEE0080401D /* PostModel.swift in Sources */ = {isa = PBXBuildFile; fileRef = F88B071028A11AEE0080401D /* PostModel.swift */; };
		F88B071328A11AFC0080401D /* NetworkModel.swift in Sources */ = {isa = PBXBuildFile; fileRef = F88B071228A11AFC0080401D /* NetworkModel.swift */; };
		F897124A28A13EC90076EBDE /* InvitationView.swift in Sources */ = {isa = PBXBuildFile; fileRef = F897124928A13EC90076EBDE /* InvitationView.swift */; };
		F8B0517928A0FC0800A9E698 /* linkedinUI06App.swift in Sources */ = {isa = PBXBuildFile; fileRef = F8B0517828A0FC0800A9E698 /* linkedinUI06App.swift */; };
		F8B0517B28A0FC0800A9E698 /* ContentView.swift in Sources */ = {isa = PBXBuildFile; fileRef = F8B0517A28A0FC0800A9E698 /* ContentView.swift */; };
		F8B0517D28A0FC0900A9E698 /* Assets.xcassets in Resources */ = {isa = PBXBuildFile; fileRef = F8B0517C28A0FC0900A9E698 /* Assets.xcassets */; };
		F8B0518028A0FC0900A9E698 /* Preview Assets.xcassets in Resources */ = {isa = PBXBuildFile; fileRef = F8B0517F28A0FC0900A9E698 /* Preview Assets.xcassets */; };
/* End PBXBuildFile section */

/* Begin PBXFileReference section */
		F8814A0C28A4071400E8F25D /* MyNetworkScreen.swift */ = {isa = PBXFileReference; lastKnownFileType = sourcecode.swift; path = MyNetworkScreen.swift; sourceTree = "<group>"; };
		F8814A0E28A40C1D00E8F25D /* PostCardView.swift */ = {isa = PBXFileReference; lastKnownFileType = sourcecode.swift; path = PostCardView.swift; sourceTree = "<group>"; };
		F8814A1028A417E200E8F25D /* ProfileAndPostView.swift */ = {isa = PBXFileReference; lastKnownFileType = sourcecode.swift; path = ProfileAndPostView.swift; sourceTree = "<group>"; };
		F8814A1228A41B3200E8F25D /* PostView.swift */ = {isa = PBXFileReference; lastKnownFileType = sourcecode.swift; path = PostView.swift; sourceTree = "<group>"; };
		F8814A1428A41D9800E8F25D /* HomeScreen.swift */ = {isa = PBXFileReference; lastKnownFileType = sourcecode.swift; path = HomeScreen.swift; sourceTree = "<group>"; };
		F8814A1628A41F6100E8F25D /* TabView.swift */ = {isa = PBXFileReference; lastKnownFileType = sourcecode.swift; path = TabView.swift; sourceTree = "<group>"; };
		F884033928A101AF00D6B629 /* SearchBar.swift */ = {isa = PBXFileReference; lastKnownFileType = sourcecode.swift; path = SearchBar.swift; sourceTree = "<group>"; };
		F88B071028A11AEE0080401D /* PostModel.swift */ = {isa = PBXFileReference; lastKnownFileType = sourcecode.swift; path = PostModel.swift; sourceTree = "<group>"; };
		F88B071228A11AFC0080401D /* NetworkModel.swift */ = {isa = PBXFileReference; lastKnownFileType = sourcecode.swift; path = NetworkModel.swift; sourceTree = "<group>"; };
		F897124928A13EC90076EBDE /* InvitationView.swift */ = {isa = PBXFileReference; lastKnownFileType = sourcecode.swift; path = InvitationView.swift; sourceTree = "<group>"; };
		F8B0517528A0FC0800A9E698 /* linkedinUI06.app */ = {isa = PBXFileReference; explicitFileType = wrapper.application; includeInIndex = 0; path = linkedinUI06.app; sourceTree = BUILT_PRODUCTS_DIR; };
		F8B0517828A0FC0800A9E698 /* linkedinUI06App.swift */ = {isa = PBXFileReference; lastKnownFileType = sourcecode.swift; path = linkedinUI06App.swift; sourceTree = "<group>"; };
		F8B0517A28A0FC0800A9E698 /* ContentView.swift */ = {isa = PBXFileReference; lastKnownFileType = sourcecode.swift; path = ContentView.swift; sourceTree = "<group>"; };
		F8B0517C28A0FC0900A9E698 /* Assets.xcassets */ = {isa = PBXFileReference; lastKnownFileType = folder.assetcatalog; path = Assets.xcassets; sourceTree = "<group>"; };
		F8B0517F28A0FC0900A9E698 /* Preview Assets.xcassets */ = {isa = PBXFileReference; lastKnownFileType = folder.assetcatalog; path = "Preview Assets.xcassets"; sourceTree = "<group>"; };
/* End PBXFileReference section */

/* Begin PBXFrameworksBuildPhase section */
		F8B0517228A0FC0800A9E698 /* Frameworks */ = {
			isa = PBXFrameworksBuildPhase;
			buildActionMask = 2147483647;
			files = (
			);
			runOnlyForDeploymentPostprocessing = 0;
		};
/* End PBXFrameworksBuildPhase section */

/* Begin PBXGroup section */
		F884033828A1019E00D6B629 /* Views */ = {
			isa = PBXGroup;
			children = (
				F884033928A101AF00D6B629 /* SearchBar.swift */,
				F897124928A13EC90076EBDE /* InvitationView.swift */,
				F8814A0C28A4071400E8F25D /* MyNetworkScreen.swift */,
				F8814A0E28A40C1D00E8F25D /* PostCardView.swift */,
				F8814A1028A417E200E8F25D /* ProfileAndPostView.swift */,
				F8814A1228A41B3200E8F25D /* PostView.swift */,
				F8814A1428A41D9800E8F25D /* HomeScreen.swift */,
				F8814A1628A41F6100E8F25D /* TabView.swift */,
			);
			path = Views;
			sourceTree = "<group>";
		};
		F88B070F28A11ADF0080401D /* Models */ = {
			isa = PBXGroup;
			children = (
				F88B071028A11AEE0080401D /* PostModel.swift */,
				F88B071228A11AFC0080401D /* NetworkModel.swift */,
			);
			path = Models;
			sourceTree = "<group>";
		};
		F8B0516C28A0FC0800A9E698 = {
			isa = PBXGroup;
			children = (
				F8B0517728A0FC0800A9E698 /* linkedinUI06 */,
				F8B0517628A0FC0800A9E698 /* Products */,
			);
			sourceTree = "<group>";
		};
		F8B0517628A0FC0800A9E698 /* Products */ = {
			isa = PBXGroup;
			children = (
				F8B0517528A0FC0800A9E698 /* linkedinUI06.app */,
			);
			name = Products;
			sourceTree = "<group>";
		};
		F8B0517728A0FC0800A9E698 /* linkedinUI06 */ = {
			isa = PBXGroup;
			children = (
				F88B070F28A11ADF0080401D /* Models */,
				F884033828A1019E00D6B629 /* Views */,
				F8B0517828A0FC0800A9E698 /* linkedinUI06App.swift */,
				F8B0517A28A0FC0800A9E698 /* ContentView.swift */,
				F8B0517C28A0FC0900A9E698 /* Assets.xcassets */,
				F8B0517E28A0FC0900A9E698 /* Preview Content */,
			);
			path = linkedinUI06;
			sourceTree = "<group>";
		};
		F8B0517E28A0FC0900A9E698 /* Preview Content */ = {
			isa = PBXGroup;
			children = (
				F8B0517F28A0FC0900A9E698 /* Preview Assets.xcassets */,
			);
			path = "Preview Content";
			sourceTree = "<group>";
		};
/* End PBXGroup section */

/* Begin PBXNativeTarget section */
		F8B0517428A0FC0800A9E698 /* linkedinUI06 */ = {
			isa = PBXNativeTarget;
			buildConfigurationList = F8B0518328A0FC0900A9E698 /* Build configuration list for PBXNativeTarget "linkedinUI06" */;
			buildPhases = (
				F8B0517128A0FC0800A9E698 /* Sources */,
				F8B0517228A0FC0800A9E698 /* Frameworks */,
				F8B0517328A0FC0800A9E698 /* Resources */,
			);
			buildRules = (
			);
			dependencies = (
			);
			name = linkedinUI06;
			productName = linkedinUI06;
			productReference = F8B0517528A0FC0800A9E698 /* linkedinUI06.app */;
			productType = "com.apple.product-type.application";
		};
/* End PBXNativeTarget section */

/* Begin PBXProject section */
		F8B0516D28A0FC0800A9E698 /* Project object */ = {
			isa = PBXProject;
			attributes = {
				BuildIndependentTargetsInParallel = 1;
				LastSwiftUpdateCheck = 1340;
				LastUpgradeCheck = 1340;
				TargetAttributes = {
					F8B0517428A0FC0800A9E698 = {
						CreatedOnToolsVersion = 13.4.1;
					};
				};
			};
			buildConfigurationList = F8B0517028A0FC0800A9E698 /* Build configuration list for PBXProject "linkedinUI06" */;
			compatibilityVersion = "Xcode 13.0";
			developmentRegion = en;
			hasScannedForEncodings = 0;
			knownRegions = (
				en,
				Base,
			);
			mainGroup = F8B0516C28A0FC0800A9E698;
			productRefGroup = F8B0517628A0FC0800A9E698 /* Products */;
			projectDirPath = "";
			projectRoot = "";
			targets = (
				F8B0517428A0FC0800A9E698 /* linkedinUI06 */,
			);
		};
/* End PBXProject section */

/* Begin PBXResourcesBuildPhase section */
		F8B0517328A0FC0800A9E698 /* Resources */ = {
			isa = PBXResourcesBuildPhase;
			buildActionMask = 2147483647;
			files = (
				F8B0518028A0FC0900A9E698 /* Preview Assets.xcassets in Resources */,
				F8B0517D28A0FC0900A9E698 /* Assets.xcassets in Resources */,
			);
			runOnlyForDeploymentPostprocessing = 0;
		};
/* End PBXResourcesBuildPhase section */

/* Begin PBXSourcesBuildPhase section */
		F8B0517128A0FC0800A9E698 /* Sources */ = {
			isa = PBXSourcesBuildPhase;
			buildActionMask = 2147483647;
			files = (
				F8814A0F28A40C1D00E8F25D /* PostCardView.swift in Sources */,
				F8814A1128A417E200E8F25D /* ProfileAndPostView.swift in Sources */,
				F8B0517B28A0FC0800A9E698 /* ContentView.swift in Sources */,
				F88B071128A11AEE0080401D /* PostModel.swift in Sources */,
				F8814A1528A41D9800E8F25D /* HomeScreen.swift in Sources */,
				F8B0517928A0FC0800A9E698 /* linkedinUI06App.swift in Sources */,
				F88B071328A11AFC0080401D /* NetworkModel.swift in Sources */,
				F884033A28A101AF00D6B629 /* SearchBar.swift in Sources */,
				F897124A28A13EC90076EBDE /* InvitationView.swift in Sources */,
				F8814A1328A41B3200E8F25D /* PostView.swift in Sources */,
				F8814A1728A41F6100E8F25D /* TabView.swift in Sources */,
				F8814A0D28A4071400E8F25D /* MyNetworkScreen.swift in Sources */,
			);
			runOnlyForDeploymentPostprocessing = 0;
		};
/* End PBXSourcesBuildPhase section */

/* Begin XCBuildConfiguration section */
		F8B0518128A0FC0900A9E698 /* Debug */ = {
			isa = XCBuildConfiguration;
			buildSettings = {
				ALWAYS_SEARCH_USER_PATHS = NO;
				CLANG_ANALYZER_NONNULL = YES;
				CLANG_ANALYZER_NUMBER_OBJECT_CONVERSION = YES_AGGRESSIVE;
				CLANG_CXX_LANGUAGE_STANDARD = "gnu++17";
				CLANG_ENABLE_MODULES = YES;
				CLANG_ENABLE_OBJC_ARC = YES;
				CLANG_ENABLE_OBJC_WEAK = YES;
				CLANG_WARN_BLOCK_CAPTURE_AUTORELEASING = YES;
				CLANG_WARN_BOOL_CONVERSION = YES;
				CLANG_WARN_COMMA = YES;
				CLANG_WARN_CONSTANT_CONVERSION = YES;
				CLANG_WARN_DEPRECATED_OBJC_IMPLEMENTATIONS = YES;
				CLANG_WARN_DIRECT_OBJC_ISA_USAGE = YES_ERROR;
				CLANG_WARN_DOCUMENTATION_COMMENTS = YES;
				CLANG_WARN_EMPTY_BODY = YES;
				CLANG_WARN_ENUM_CONVERSION = YES;
				CLANG_WARN_INFINITE_RECURSION = YES;
				CLANG_WARN_INT_CONVERSION = YES;
				CLANG_WARN_NON_LITERAL_NULL_CONVERSION = YES;
				CLANG_WARN_OBJC_IMPLICIT_RETAIN_SELF = YES;
				CLANG_WARN_OBJC_LITERAL_CONVERSION = YES;
				CLANG_WARN_OBJC_ROOT_CLASS = YES_ERROR;
				CLANG_WARN_QUOTED_INCLUDE_IN_FRAMEWORK_HEADER = YES;
				CLANG_WARN_RANGE_LOOP_ANALYSIS = YES;
				CLANG_WARN_STRICT_PROTOTYPES = YES;
				CLANG_WARN_SUSPICIOUS_MOVE = YES;
				CLANG_WARN_UNGUARDED_AVAILABILITY = YES_AGGRESSIVE;
				CLANG_WARN_UNREACHABLE_CODE = YES;
				CLANG_WARN__DUPLICATE_METHOD_MATCH = YES;
				COPY_PHASE_STRIP = NO;
				DEBUG_INFORMATION_FORMAT = dwarf;
				ENABLE_STRICT_OBJC_MSGSEND = YES;
				ENABLE_TESTABILITY = YES;
				GCC_C_LANGUAGE_STANDARD = gnu11;
				GCC_DYNAMIC_NO_PIC = NO;
				GCC_NO_COMMON_BLOCKS = YES;
				GCC_OPTIMIZATION_LEVEL = 0;
				GCC_PREPROCESSOR_DEFINITIONS = (
					"DEBUG=1",
					"$(inherited)",
				);
				GCC_WARN_64_TO_32_BIT_CONVERSION = YES;
				GCC_WARN_ABOUT_RETURN_TYPE = YES_ERROR;
				GCC_WARN_UNDECLARED_SELECTOR = YES;
				GCC_WARN_UNINITIALIZED_AUTOS = YES_AGGRESSIVE;
				GCC_WARN_UNUSED_FUNCTION = YES;
				GCC_WARN_UNUSED_VARIABLE = YES;
				IPHONEOS_DEPLOYMENT_TARGET = 15.5;
				MTL_ENABLE_DEBUG_INFO = INCLUDE_SOURCE;
				MTL_FAST_MATH = YES;
				ONLY_ACTIVE_ARCH = YES;
				SDKROOT = iphoneos;
				SWIFT_ACTIVE_COMPILATION_CONDITIONS = DEBUG;
				SWIFT_OPTIMIZATION_LEVEL = "-Onone";
			};
			name = Debug;
		};
		F8B0518228A0FC0900A9E698 /* Release */ = {
			isa = XCBuildConfiguration;
			buildSettings = {
				ALWAYS_SEARCH_USER_PATHS = NO;
				CLANG_ANALYZER_NONNULL = YES;
				CLANG_ANALYZER_NUMBER_OBJECT_CONVERSION = YES_AGGRESSIVE;
				CLANG_CXX_LANGUAGE_STANDARD = "gnu++17";
				CLANG_ENABLE_MODULES = YES;
				CLANG_ENABLE_OBJC_ARC = YES;
				CLANG_ENABLE_OBJC_WEAK = YES;
				CLANG_WARN_BLOCK_CAPTURE_AUTORELEASING = YES;
				CLANG_WARN_BOOL_CONVERSION = YES;
				CLANG_WARN_COMMA = YES;
				CLANG_WARN_CONSTANT_CONVERSION = YES;
				CLANG_WARN_DEPRECATED_OBJC_IMPLEMENTATIONS = YES;
				CLANG_WARN_DIRECT_OBJC_ISA_USAGE = YES_ERROR;
				CLANG_WARN_DOCUMENTATION_COMMENTS = YES;
				CLANG_WARN_EMPTY_BODY = YES;
				CLANG_WARN_ENUM_CONVERSION = YES;
				CLANG_WARN_INFINITE_RECURSION = YES;
				CLANG_WARN_INT_CONVERSION = YES;
				CLANG_WARN_NON_LITERAL_NULL_CONVERSION = YES;
				CLANG_WARN_OBJC_IMPLICIT_RETAIN_SELF = YES;
				CLANG_WARN_OBJC_LITERAL_CONVERSION = YES;
				CLANG_WARN_OBJC_ROOT_CLASS = YES_ERROR;
				CLANG_WARN_QUOTED_INCLUDE_IN_FRAMEWORK_HEADER = YES;
				CLANG_WARN_RANGE_LOOP_ANALYSIS = YES;
				CLANG_WARN_STRICT_PROTOTYPES = YES;
				CLANG_WARN_SUSPICIOUS_MOVE = YES;
				CLANG_WARN_UNGUARDED_AVAILABILITY = YES_AGGRESSIVE;
				CLANG_WARN_UNREACHABLE_CODE = YES;
				CLANG_WARN__DUPLICATE_METHOD_MATCH = YES;
				COPY_PHASE_STRIP = NO;
				DEBUG_INFORMATION_FORMAT = "dwarf-with-dsym";
				ENABLE_NS_ASSERTIONS = NO;
				ENABLE_STRICT_OBJC_MSGSEND = YES;
				GCC_C_LANGUAGE_STANDARD = gnu11;
				GCC_NO_COMMON_BLOCKS = YES;
				GCC_WARN_64_TO_32_BIT_CONVERSION = YES;
				GCC_WARN_ABOUT_RETURN_TYPE = YES_ERROR;
				GCC_WARN_UNDECLARED_SELECTOR = YES;
				GCC_WARN_UNINITIALIZED_AUTOS = YES_AGGRESSIVE;
				GCC_WARN_UNUSED_FUNCTION = YES;
				GCC_WARN_UNUSED_VARIABLE = YES;
				IPHONEOS_DEPLOYMENT_TARGET = 15.5;
				MTL_ENABLE_DEBUG_INFO = NO;
				MTL_FAST_MATH = YES;
				SDKROOT = iphoneos;
				SWIFT_COMPILATION_MODE = wholemodule;
				SWIFT_OPTIMIZATION_LEVEL = "-O";
				VALIDATE_PRODUCT = YES;
			};
			name = Release;
		};
		F8B0518428A0FC0900A9E698 /* Debug */ = {
			isa = XCBuildConfiguration;
			buildSettings = {
				ASSETCATALOG_COMPILER_APPICON_NAME = AppIcon;
				ASSETCATALOG_COMPILER_GLOBAL_ACCENT_COLOR_NAME = AccentColor;
				CODE_SIGN_STYLE = Automatic;
				CURRENT_PROJECT_VERSION = 1;
				DEVELOPMENT_ASSET_PATHS = "\"linkedinUI06/Preview Content\"";
				ENABLE_PREVIEWS = YES;
				GENERATE_INFOPLIST_FILE = YES;
				INFOPLIST_KEY_UIApplicationSceneManifest_Generation = YES;
				INFOPLIST_KEY_UIApplicationSupportsIndirectInputEvents = YES;
				INFOPLIST_KEY_UILaunchScreen_Generation = YES;
				INFOPLIST_KEY_UISupportedInterfaceOrientations_iPad = "UIInterfaceOrientationPortrait UIInterfaceOrientationPortraitUpsideDown UIInterfaceOrientationLandscapeLeft UIInterfaceOrientationLandscapeRight";
				INFOPLIST_KEY_UISupportedInterfaceOrientations_iPhone = "UIInterfaceOrientationPortrait UIInterfaceOrientationLandscapeLeft UIInterfaceOrientationLandscapeRight";
				LD_RUNPATH_SEARCH_PATHS = (
					"$(inherited)",
					"@executable_path/Frameworks",
				);
				MARKETING_VERSION = 1.0;
				PRODUCT_BUNDLE_IDENTIFIER = dev.lco.linkedinUI06;
				PRODUCT_NAME = "$(TARGET_NAME)";
				SWIFT_EMIT_LOC_STRINGS = YES;
				SWIFT_VERSION = 5.0;
				TARGETED_DEVICE_FAMILY = "1,2";
			};
			name = Debug;
		};
		F8B0518528A0FC0900A9E698 /* Release */ = {
			isa = XCBuildConfiguration;
			buildSettings = {
				ASSETCATALOG_COMPILER_APPICON_NAME = AppIcon;
				ASSETCATALOG_COMPILER_GLOBAL_ACCENT_COLOR_NAME = AccentColor;
				CODE_SIGN_STYLE = Automatic;
				CURRENT_PROJECT_VERSION = 1;
				DEVELOPMENT_ASSET_PATHS = "\"linkedinUI06/Preview Content\"";
				ENABLE_PREVIEWS = YES;
				GENERATE_INFOPLIST_FILE = YES;
				INFOPLIST_KEY_UIApplicationSceneManifest_Generation = YES;
				INFOPLIST_KEY_UIApplicationSupportsIndirectInputEvents = YES;
				INFOPLIST_KEY_UILaunchScreen_Generation = YES;
				INFOPLIST_KEY_UISupportedInterfaceOrientations_iPad = "UIInterfaceOrientationPortrait UIInterfaceOrientationPortraitUpsideDown UIInterfaceOrientationLandscapeLeft UIInterfaceOrientationLandscapeRight";
				INFOPLIST_KEY_UISupportedInterfaceOrientations_iPhone = "UIInterfaceOrientationPortrait UIInterfaceOrientationLandscapeLeft UIInterfaceOrientationLandscapeRight";
				LD_RUNPATH_SEARCH_PATHS = (
					"$(inherited)",
					"@executable_path/Frameworks",
				);
				MARKETING_VERSION = 1.0;
				PRODUCT_BUNDLE_IDENTIFIER = dev.lco.linkedinUI06;
				PRODUCT_NAME = "$(TARGET_NAME)";
				SWIFT_EMIT_LOC_STRINGS = YES;
				SWIFT_VERSION = 5.0;
				TARGETED_DEVICE_FAMILY = "1,2";
			};
			name = Release;
		};
/* End XCBuildConfiguration section */

/* Begin XCConfigurationList section */
		F8B0517028A0FC0800A9E698 /* Build configuration list for PBXProject "linkedinUI06" */ = {
			isa = XCConfigurationList;
			buildConfigurations = (
				F8B0518128A0FC0900A9E698 /* Debug */,
				F8B0518228A0FC0900A9E698 /* Release */,
			);
			defaultConfigurationIsVisible = 0;
			defaultConfigurationName = Release;
		};
		F8B0518328A0FC0900A9E698 /* Build configuration list for PBXNativeTarget "linkedinUI06" */ = {
			isa = XCConfigurationList;
			buildConfigurations = (
				F8B0518428A0FC0900A9E698 /* Debug */,
				F8B0518528A0FC0900A9E698 /* Release */,
			);
			defaultConfigurationIsVisible = 0;
			defaultConfigurationName = Release;
		};
/* End XCConfigurationList section */
	};
	rootObject = F8B0516D28A0FC0800A9E698 /* Project object */;
}
